schema: '2.0'
stages:
  download_data:
    cmd: "curl -L -o data.zip https://archive.ics.uci.edu/static/public/464/superconductivty+data.zip\n
      mkdir -p data/raw/superconductivity_data\nunzip data.zip -d data/raw/superconductivity_data\n
      rm data.zip\n"
    deps:
    - path: https://archive.ics.uci.edu/static/public/464/superconductivty+data.zip
      hash: md5
      checksum: '70673669774087386390525773348346940061'
    outs:
    - path: data/raw/superconductivity_data
      hash: md5
      md5: d68c2591e0b5d87bce148e201da96152.dir
      size: 28151383
      nfiles: 2
